// !$*UTF8*$!
{
	archiveVersion = 1;
	classes = {
	};
	objectVersion = 46;
	objects = {

/* Begin PBXBuildFile section */
		A60DE3B820ADD0440047E3A6 /* UMSocketSCTPListener.h in Headers */ = {isa = PBXBuildFile; fileRef = A60DE3B620ADD0440047E3A6 /* UMSocketSCTPListener.h */; settings = {ATTRIBUTES = (Public, ); }; };
		A60DE3B920ADD0440047E3A6 /* UMSocketSCTPListener.m in Sources */ = {isa = PBXBuildFile; fileRef = A60DE3B720ADD0440047E3A6 /* UMSocketSCTPListener.m */; };
		A60DE3BC20ADD18E0047E3A6 /* UMSocketSCTPRegistry.h in Headers */ = {isa = PBXBuildFile; fileRef = A60DE3BA20ADD18E0047E3A6 /* UMSocketSCTPRegistry.h */; settings = {ATTRIBUTES = (Public, ); }; };
		A60DE3BD20ADD18E0047E3A6 /* UMSocketSCTPRegistry.m in Sources */ = {isa = PBXBuildFile; fileRef = A60DE3BB20ADD18E0047E3A6 /* UMSocketSCTPRegistry.m */; };
		A60DE3C020AEC0050047E3A6 /* UMSocketSCTPReceivedPacket.h in Headers */ = {isa = PBXBuildFile; fileRef = A60DE3BE20AEC0050047E3A6 /* UMSocketSCTPReceivedPacket.h */; settings = {ATTRIBUTES = (Public, ); }; };
		A60DE3C120AEC0050047E3A6 /* UMSocketSCTPReceivedPacket.m in Sources */ = {isa = PBXBuildFile; fileRef = A60DE3BF20AEC0050047E3A6 /* UMSocketSCTPReceivedPacket.m */; };
		A60DE3C420AECB050047E3A6 /* UMSocketSCTPReceiver.h in Headers */ = {isa = PBXBuildFile; fileRef = A60DE3C220AECB050047E3A6 /* UMSocketSCTPReceiver.h */; };
		A60DE3C520AECB050047E3A6 /* UMSocketSCTPReceiver.m in Sources */ = {isa = PBXBuildFile; fileRef = A60DE3C320AECB050047E3A6 /* UMSocketSCTPReceiver.m */; };
		A61B6E152583335A0094E14E /* UMSctpOverTcp.h in Headers */ = {isa = PBXBuildFile; fileRef = A61B6E132583335A0094E14E /* UMSctpOverTcp.h */; };
		A61F7D511A2C9D380090FC94 /* UMLayerSctpUserProtocol.h in Headers */ = {isa = PBXBuildFile; fileRef = A61F7D501A2C9D380090FC94 /* UMLayerSctpUserProtocol.h */; settings = {ATTRIBUTES = (Public, ); }; };
		A634B4991A2E9AF700854472 /* UMLayerSctpUserProfile.h in Headers */ = {isa = PBXBuildFile; fileRef = A634B4971A2E9AF700854472 /* UMLayerSctpUserProfile.h */; settings = {ATTRIBUTES = (Public, ); }; };
		A634B49A1A2E9AF700854472 /* UMLayerSctpUserProfile.m in Sources */ = {isa = PBXBuildFile; fileRef = A634B4981A2E9AF700854472 /* UMLayerSctpUserProfile.m */; };
		A634B49B1A2E9AF700854472 /* UMLayerSctpUserProfile.m in Sources */ = {isa = PBXBuildFile; fileRef = A634B4981A2E9AF700854472 /* UMLayerSctpUserProfile.m */; };
		A648DF4F247C370000F25226 /* ulibsctp.framework in Frameworks */ = {isa = PBXBuildFile; fileRef = A6C78D0D1A29271D006C66A2 /* ulibsctp.framework */; };
		A6827E121E38001200F3048B /* UMLayerSctpApplicationContextProtocol.h in Headers */ = {isa = PBXBuildFile; fileRef = A6827E101E38001200F3048B /* UMLayerSctpApplicationContextProtocol.h */; settings = {ATTRIBUTES = (Public, ); }; };
		A68974271A2D1EF800854472 /* UMSctpTask_AdminSetConfig.h in Headers */ = {isa = PBXBuildFile; fileRef = A68974251A2D1EF800854472 /* UMSctpTask_AdminSetConfig.h */; };
		A68974281A2D1EF800854472 /* UMSctpTask_AdminSetConfig.m in Sources */ = {isa = PBXBuildFile; fileRef = A68974261A2D1EF800854472 /* UMSctpTask_AdminSetConfig.m */; };
		A68974791A2D440F00854472 /* UMLayerSctpUser.h in Headers */ = {isa = PBXBuildFile; fileRef = A68974771A2D440F00854472 /* UMLayerSctpUser.h */; };
		A689747A1A2D440F00854472 /* UMLayerSctpUser.m in Sources */ = {isa = PBXBuildFile; fileRef = A68974781A2D440F00854472 /* UMLayerSctpUser.m */; };
		A689747D1A2D4C5D00854472 /* UMSctpTask_AdminDetach.h in Headers */ = {isa = PBXBuildFile; fileRef = A689747B1A2D4C5D00854472 /* UMSctpTask_AdminDetach.h */; };
		A689747E1A2D4C5D00854472 /* UMSctpTask_AdminDetach.m in Sources */ = {isa = PBXBuildFile; fileRef = A689747C1A2D4C5D00854472 /* UMSctpTask_AdminDetach.m */; };
		A689747F1A2D4C5D00854472 /* UMSctpTask_AdminDetach.m in Sources */ = {isa = PBXBuildFile; fileRef = A689747C1A2D4C5D00854472 /* UMSctpTask_AdminDetach.m */; };
		A695270725879F7B0089994F /* UMSocketSCTPTCPListener.h in Headers */ = {isa = PBXBuildFile; fileRef = A695270525879F7B0089994F /* UMSocketSCTPTCPListener.h */; settings = {ATTRIBUTES = (Public, ); }; };
		A695270825879F7B0089994F /* UMSocketSCTPTCPListener.m in Sources */ = {isa = PBXBuildFile; fileRef = A695270625879F7B0089994F /* UMSocketSCTPTCPListener.m */; };
		A69BCFF5240675D20083657F /* sctp.framework in Frameworks */ = {isa = PBXBuildFile; fileRef = A69BCFF4240675D20083657F /* sctp.framework */; };
		A6B8BE5020A9B102004D4004 /* UMSocketSCTP.h in Headers */ = {isa = PBXBuildFile; fileRef = A6B8BE4E20A9B102004D4004 /* UMSocketSCTP.h */; settings = {ATTRIBUTES = (Public, ); }; };
		A6B8BE5120A9B102004D4004 /* UMSocketSCTP.m in Sources */ = {isa = PBXBuildFile; fileRef = A6B8BE4F20A9B102004D4004 /* UMSocketSCTP.m */; };
		A6C78D131A29271D006C66A2 /* ulibsctp.h in Headers */ = {isa = PBXBuildFile; fileRef = A6C78D121A29271D006C66A2 /* ulibsctp.h */; settings = {ATTRIBUTES = (Public, ); }; };
		A6C78D191A29271D006C66A2 /* ulibsctp.framework in Frameworks */ = {isa = PBXBuildFile; fileRef = A6C78D0D1A29271D006C66A2 /* ulibsctp.framework */; };
		A6C78D201A29271D006C66A2 /* ulibsctpTests.m in Sources */ = {isa = PBXBuildFile; fileRef = A6C78D1F1A29271D006C66A2 /* ulibsctpTests.m */; };
		A6C78D6F1A2942AB006C66A2 /* UMLayerSctp.h in Headers */ = {isa = PBXBuildFile; fileRef = A6C78D6D1A2942AB006C66A2 /* UMLayerSctp.h */; settings = {ATTRIBUTES = (Public, ); }; };
		A6C78D701A2942AB006C66A2 /* UMLayerSctp.m in Sources */ = {isa = PBXBuildFile; fileRef = A6C78D6E1A2942AB006C66A2 /* UMLayerSctp.m */; };
		A6C78D711A2942AB006C66A2 /* UMLayerSctp.m in Sources */ = {isa = PBXBuildFile; fileRef = A6C78D6E1A2942AB006C66A2 /* UMLayerSctp.m */; };
		A6C78D741A2942EC006C66A2 /* ulib.framework in Frameworks */ = {isa = PBXBuildFile; fileRef = A6C78D731A2942EC006C66A2 /* ulib.framework */; };
		A6C78D751A2942EC006C66A2 /* ulib.framework in Frameworks */ = {isa = PBXBuildFile; fileRef = A6C78D731A2942EC006C66A2 /* ulib.framework */; };
		A6C78DA41A2945C5006C66A2 /* UMSctpTask_AdminInit.h in Headers */ = {isa = PBXBuildFile; fileRef = A6C78DA21A2945C5006C66A2 /* UMSctpTask_AdminInit.h */; settings = {ATTRIBUTES = (Public, ); }; };
		A6C78DA51A2945C5006C66A2 /* UMSctpTask_AdminInit.m in Sources */ = {isa = PBXBuildFile; fileRef = A6C78DA31A2945C5006C66A2 /* UMSctpTask_AdminInit.m */; };
		A6C78DA61A2945C5006C66A2 /* UMSctpTask_AdminInit.m in Sources */ = {isa = PBXBuildFile; fileRef = A6C78DA31A2945C5006C66A2 /* UMSctpTask_AdminInit.m */; };
		A6C78DA91A2945D9006C66A2 /* UMSctpTask_AdminAttach.h in Headers */ = {isa = PBXBuildFile; fileRef = A6C78DA71A2945D9006C66A2 /* UMSctpTask_AdminAttach.h */; settings = {ATTRIBUTES = (Public, ); }; };
		A6C78DAA1A2945D9006C66A2 /* UMSctpTask_AdminAttach.m in Sources */ = {isa = PBXBuildFile; fileRef = A6C78DA81A2945D9006C66A2 /* UMSctpTask_AdminAttach.m */; };
		A6C78DAB1A2945D9006C66A2 /* UMSctpTask_AdminAttach.m in Sources */ = {isa = PBXBuildFile; fileRef = A6C78DA81A2945D9006C66A2 /* UMSctpTask_AdminAttach.m */; };
		A6C78DAE1A2945FA006C66A2 /* UMSctpTask_Open.h in Headers */ = {isa = PBXBuildFile; fileRef = A6C78DAC1A2945FA006C66A2 /* UMSctpTask_Open.h */; settings = {ATTRIBUTES = (Public, ); }; };
		A6C78DAF1A2945FA006C66A2 /* UMSctpTask_Open.m in Sources */ = {isa = PBXBuildFile; fileRef = A6C78DAD1A2945FA006C66A2 /* UMSctpTask_Open.m */; };
		A6C78DB01A2945FA006C66A2 /* UMSctpTask_Open.m in Sources */ = {isa = PBXBuildFile; fileRef = A6C78DAD1A2945FA006C66A2 /* UMSctpTask_Open.m */; };
		A6C78DB31A294607006C66A2 /* UMSctpTask_Close.h in Headers */ = {isa = PBXBuildFile; fileRef = A6C78DB11A294607006C66A2 /* UMSctpTask_Close.h */; settings = {ATTRIBUTES = (Public, ); }; };
		A6C78DB41A294607006C66A2 /* UMSctpTask_Close.m in Sources */ = {isa = PBXBuildFile; fileRef = A6C78DB21A294607006C66A2 /* UMSctpTask_Close.m */; };
		A6C78DB51A294607006C66A2 /* UMSctpTask_Close.m in Sources */ = {isa = PBXBuildFile; fileRef = A6C78DB21A294607006C66A2 /* UMSctpTask_Close.m */; };
		A6C78DB81A294628006C66A2 /* UMSctpTask_Data.h in Headers */ = {isa = PBXBuildFile; fileRef = A6C78DB61A294628006C66A2 /* UMSctpTask_Data.h */; settings = {ATTRIBUTES = (Public, ); }; };
		A6C78DB91A294628006C66A2 /* UMSctpTask_Data.m in Sources */ = {isa = PBXBuildFile; fileRef = A6C78DB71A294628006C66A2 /* UMSctpTask_Data.m */; };
		A6C78DBA1A294628006C66A2 /* UMSctpTask_Data.m in Sources */ = {isa = PBXBuildFile; fileRef = A6C78DB71A294628006C66A2 /* UMSctpTask_Data.m */; };
		A6C78DC21A29466D006C66A2 /* UMSctpTask_Manual_InService.h in Headers */ = {isa = PBXBuildFile; fileRef = A6C78DC01A29466D006C66A2 /* UMSctpTask_Manual_InService.h */; settings = {ATTRIBUTES = (Public, ); }; };
		A6C78DC31A29466D006C66A2 /* UMSctpTask_Manual_InService.m in Sources */ = {isa = PBXBuildFile; fileRef = A6C78DC11A29466D006C66A2 /* UMSctpTask_Manual_InService.m */; };
		A6C78DC41A29466D006C66A2 /* UMSctpTask_Manual_InService.m in Sources */ = {isa = PBXBuildFile; fileRef = A6C78DC11A29466D006C66A2 /* UMSctpTask_Manual_InService.m */; };
		A6C78DC71A29467B006C66A2 /* UMSctpTask_Manual_ForceOutOfService.h in Headers */ = {isa = PBXBuildFile; fileRef = A6C78DC51A29467B006C66A2 /* UMSctpTask_Manual_ForceOutOfService.h */; settings = {ATTRIBUTES = (Public, ); }; };
		A6C78DC81A29467B006C66A2 /* UMSctpTask_Manual_ForceOutOfService.m in Sources */ = {isa = PBXBuildFile; fileRef = A6C78DC61A29467B006C66A2 /* UMSctpTask_Manual_ForceOutOfService.m */; };
		A6C78DC91A29467B006C66A2 /* UMSctpTask_Manual_ForceOutOfService.m in Sources */ = {isa = PBXBuildFile; fileRef = A6C78DC61A29467B006C66A2 /* UMSctpTask_Manual_ForceOutOfService.m */; };
		A6F1C627247BEA1E00FE7402 /* main.m in Sources */ = {isa = PBXBuildFile; fileRef = A6F1C626247BEA1D00FE7402 /* main.m */; };
		A6F1C629247BEC8600FE7402 /* sctp.framework in Frameworks */ = {isa = PBXBuildFile; fileRef = A69BCFF4240675D20083657F /* sctp.framework */; };
		A6F1C62A247BEC8900FE7402 /* ulib.framework in Frameworks */ = {isa = PBXBuildFile; fileRef = A6C78D731A2942EC006C66A2 /* ulib.framework */; };
/* End PBXBuildFile section */

/* Begin PBXContainerItemProxy section */
		A6C78D1A1A29271D006C66A2 /* PBXContainerItemProxy */ = {
			isa = PBXContainerItemProxy;
			containerPortal = A6C78D041A29271D006C66A2 /* Project object */;
			proxyType = 1;
			remoteGlobalIDString = A6C78D0C1A29271D006C66A2;
			remoteInfo = ulibsctp;
		};
/* End PBXContainerItemProxy section */

/* Begin PBXCopyFilesBuildPhase section */
		A6F1C61D247BEA0800FE7402 /* CopyFiles */ = {
			isa = PBXCopyFilesBuildPhase;
			buildActionMask = 2147483647;
			dstPath = /usr/share/man/man1/;
			dstSubfolderSpec = 0;
			files = (
			);
			runOnlyForDeploymentPostprocessing = 1;
		};
/* End PBXCopyFilesBuildPhase section */

/* Begin PBXFileReference section */
		A60DE3B620ADD0440047E3A6 /* UMSocketSCTPListener.h */ = {isa = PBXFileReference; lastKnownFileType = sourcecode.c.h; path = UMSocketSCTPListener.h; sourceTree = "<group>"; };
		A60DE3B720ADD0440047E3A6 /* UMSocketSCTPListener.m */ = {isa = PBXFileReference; lastKnownFileType = sourcecode.c.objc; path = UMSocketSCTPListener.m; sourceTree = "<group>"; };
		A60DE3BA20ADD18E0047E3A6 /* UMSocketSCTPRegistry.h */ = {isa = PBXFileReference; lastKnownFileType = sourcecode.c.h; path = UMSocketSCTPRegistry.h; sourceTree = "<group>"; };
		A60DE3BB20ADD18E0047E3A6 /* UMSocketSCTPRegistry.m */ = {isa = PBXFileReference; lastKnownFileType = sourcecode.c.objc; path = UMSocketSCTPRegistry.m; sourceTree = "<group>"; };
		A60DE3BE20AEC0050047E3A6 /* UMSocketSCTPReceivedPacket.h */ = {isa = PBXFileReference; lastKnownFileType = sourcecode.c.h; path = UMSocketSCTPReceivedPacket.h; sourceTree = "<group>"; };
		A60DE3BF20AEC0050047E3A6 /* UMSocketSCTPReceivedPacket.m */ = {isa = PBXFileReference; lastKnownFileType = sourcecode.c.objc; path = UMSocketSCTPReceivedPacket.m; sourceTree = "<group>"; };
		A60DE3C220AECB050047E3A6 /* UMSocketSCTPReceiver.h */ = {isa = PBXFileReference; lastKnownFileType = sourcecode.c.h; path = UMSocketSCTPReceiver.h; sourceTree = "<group>"; };
		A60DE3C320AECB050047E3A6 /* UMSocketSCTPReceiver.m */ = {isa = PBXFileReference; lastKnownFileType = sourcecode.c.objc; path = UMSocketSCTPReceiver.m; sourceTree = "<group>"; };
		A61B6E132583335A0094E14E /* UMSctpOverTcp.h */ = {isa = PBXFileReference; lastKnownFileType = sourcecode.c.h; path = UMSctpOverTcp.h; sourceTree = "<group>"; };
		A61F7D501A2C9D380090FC94 /* UMLayerSctpUserProtocol.h */ = {isa = PBXFileReference; fileEncoding = 4; lastKnownFileType = sourcecode.c.h; path = UMLayerSctpUserProtocol.h; sourceTree = "<group>"; };
		A634B4971A2E9AF700854472 /* UMLayerSctpUserProfile.h */ = {isa = PBXFileReference; fileEncoding = 4; lastKnownFileType = sourcecode.c.h; path = UMLayerSctpUserProfile.h; sourceTree = "<group>"; };
		A634B4981A2E9AF700854472 /* UMLayerSctpUserProfile.m */ = {isa = PBXFileReference; fileEncoding = 4; lastKnownFileType = sourcecode.c.objc; path = UMLayerSctpUserProfile.m; sourceTree = "<group>"; };
		A6827E101E38001200F3048B /* UMLayerSctpApplicationContextProtocol.h */ = {isa = PBXFileReference; fileEncoding = 4; lastKnownFileType = sourcecode.c.h; path = UMLayerSctpApplicationContextProtocol.h; sourceTree = "<group>"; };
		A68974251A2D1EF800854472 /* UMSctpTask_AdminSetConfig.h */ = {isa = PBXFileReference; fileEncoding = 4; lastKnownFileType = sourcecode.c.h; path = UMSctpTask_AdminSetConfig.h; sourceTree = "<group>"; };
		A68974261A2D1EF800854472 /* UMSctpTask_AdminSetConfig.m */ = {isa = PBXFileReference; fileEncoding = 4; lastKnownFileType = sourcecode.c.objc; path = UMSctpTask_AdminSetConfig.m; sourceTree = "<group>"; };
		A68974771A2D440F00854472 /* UMLayerSctpUser.h */ = {isa = PBXFileReference; fileEncoding = 4; lastKnownFileType = sourcecode.c.h; path = UMLayerSctpUser.h; sourceTree = "<group>"; };
		A68974781A2D440F00854472 /* UMLayerSctpUser.m */ = {isa = PBXFileReference; fileEncoding = 4; lastKnownFileType = sourcecode.c.objc; path = UMLayerSctpUser.m; sourceTree = "<group>"; };
		A689747B1A2D4C5D00854472 /* UMSctpTask_AdminDetach.h */ = {isa = PBXFileReference; fileEncoding = 4; lastKnownFileType = sourcecode.c.h; path = UMSctpTask_AdminDetach.h; sourceTree = "<group>"; };
		A689747C1A2D4C5D00854472 /* UMSctpTask_AdminDetach.m */ = {isa = PBXFileReference; fileEncoding = 4; lastKnownFileType = sourcecode.c.objc; path = UMSctpTask_AdminDetach.m; sourceTree = "<group>"; };
		A695270525879F7B0089994F /* UMSocketSCTPTCPListener.h */ = {isa = PBXFileReference; lastKnownFileType = sourcecode.c.h; path = UMSocketSCTPTCPListener.h; sourceTree = "<group>"; };
		A695270625879F7B0089994F /* UMSocketSCTPTCPListener.m */ = {isa = PBXFileReference; lastKnownFileType = sourcecode.c.objc; path = UMSocketSCTPTCPListener.m; sourceTree = "<group>"; };
		A69BCFF4240675D20083657F /* sctp.framework */ = {isa = PBXFileReference; lastKnownFileType = wrapper.framework; name = sctp.framework; path = "/Library/Application Support/FinkTelecomServices/frameworks/sctp.framework"; sourceTree = "<absolute>"; };
		A6B8BE4E20A9B102004D4004 /* UMSocketSCTP.h */ = {isa = PBXFileReference; lastKnownFileType = sourcecode.c.h; path = UMSocketSCTP.h; sourceTree = "<group>"; };
		A6B8BE4F20A9B102004D4004 /* UMSocketSCTP.m */ = {isa = PBXFileReference; lastKnownFileType = sourcecode.c.objc; path = UMSocketSCTP.m; sourceTree = "<group>"; };
		A6C78D0D1A29271D006C66A2 /* ulibsctp.framework */ = {isa = PBXFileReference; explicitFileType = wrapper.framework; includeInIndex = 0; path = ulibsctp.framework; sourceTree = BUILT_PRODUCTS_DIR; };
		A6C78D111A29271D006C66A2 /* Info.plist */ = {isa = PBXFileReference; lastKnownFileType = text.plist.xml; name = Info.plist; path = ../SupportingFiles/Info.plist; sourceTree = "<group>"; };
		A6C78D121A29271D006C66A2 /* ulibsctp.h */ = {isa = PBXFileReference; lastKnownFileType = sourcecode.c.h; path = ulibsctp.h; sourceTree = "<group>"; };
		A6C78D181A29271D006C66A2 /* ulibsctpTests.xctest */ = {isa = PBXFileReference; explicitFileType = wrapper.cfbundle; includeInIndex = 0; path = ulibsctpTests.xctest; sourceTree = BUILT_PRODUCTS_DIR; };
		A6C78D1E1A29271D006C66A2 /* Info.plist */ = {isa = PBXFileReference; lastKnownFileType = text.plist.xml; path = Info.plist; sourceTree = "<group>"; };
		A6C78D1F1A29271D006C66A2 /* ulibsctpTests.m */ = {isa = PBXFileReference; lastKnownFileType = sourcecode.c.objc; path = ulibsctpTests.m; sourceTree = "<group>"; };
		A6C78D6D1A2942AB006C66A2 /* UMLayerSctp.h */ = {isa = PBXFileReference; fileEncoding = 4; lastKnownFileType = sourcecode.c.h; path = UMLayerSctp.h; sourceTree = "<group>"; };
		A6C78D6E1A2942AB006C66A2 /* UMLayerSctp.m */ = {isa = PBXFileReference; fileEncoding = 4; lastKnownFileType = sourcecode.c.objc; path = UMLayerSctp.m; sourceTree = "<group>"; };
		A6C78D731A2942EC006C66A2 /* ulib.framework */ = {isa = PBXFileReference; lastKnownFileType = wrapper.framework; name = ulib.framework; path = "/Library/Application Support/FinkTelecomServices/frameworks/ulib.framework"; sourceTree = "<absolute>"; };
		A6C78DA21A2945C5006C66A2 /* UMSctpTask_AdminInit.h */ = {isa = PBXFileReference; fileEncoding = 4; lastKnownFileType = sourcecode.c.h; path = UMSctpTask_AdminInit.h; sourceTree = "<group>"; };
		A6C78DA31A2945C5006C66A2 /* UMSctpTask_AdminInit.m */ = {isa = PBXFileReference; fileEncoding = 4; lastKnownFileType = sourcecode.c.objc; path = UMSctpTask_AdminInit.m; sourceTree = "<group>"; };
		A6C78DA71A2945D9006C66A2 /* UMSctpTask_AdminAttach.h */ = {isa = PBXFileReference; fileEncoding = 4; lastKnownFileType = sourcecode.c.h; path = UMSctpTask_AdminAttach.h; sourceTree = "<group>"; };
		A6C78DA81A2945D9006C66A2 /* UMSctpTask_AdminAttach.m */ = {isa = PBXFileReference; fileEncoding = 4; lastKnownFileType = sourcecode.c.objc; path = UMSctpTask_AdminAttach.m; sourceTree = "<group>"; };
		A6C78DAC1A2945FA006C66A2 /* UMSctpTask_Open.h */ = {isa = PBXFileReference; fileEncoding = 4; lastKnownFileType = sourcecode.c.h; path = UMSctpTask_Open.h; sourceTree = "<group>"; };
		A6C78DAD1A2945FA006C66A2 /* UMSctpTask_Open.m */ = {isa = PBXFileReference; fileEncoding = 4; lastKnownFileType = sourcecode.c.objc; path = UMSctpTask_Open.m; sourceTree = "<group>"; };
		A6C78DB11A294607006C66A2 /* UMSctpTask_Close.h */ = {isa = PBXFileReference; fileEncoding = 4; lastKnownFileType = sourcecode.c.h; path = UMSctpTask_Close.h; sourceTree = "<group>"; };
		A6C78DB21A294607006C66A2 /* UMSctpTask_Close.m */ = {isa = PBXFileReference; fileEncoding = 4; lastKnownFileType = sourcecode.c.objc; path = UMSctpTask_Close.m; sourceTree = "<group>"; };
		A6C78DB61A294628006C66A2 /* UMSctpTask_Data.h */ = {isa = PBXFileReference; fileEncoding = 4; lastKnownFileType = sourcecode.c.h; path = UMSctpTask_Data.h; sourceTree = "<group>"; };
		A6C78DB71A294628006C66A2 /* UMSctpTask_Data.m */ = {isa = PBXFileReference; fileEncoding = 4; lastKnownFileType = sourcecode.c.objc; path = UMSctpTask_Data.m; sourceTree = "<group>"; };
		A6C78DC01A29466D006C66A2 /* UMSctpTask_Manual_InService.h */ = {isa = PBXFileReference; fileEncoding = 4; lastKnownFileType = sourcecode.c.h; path = UMSctpTask_Manual_InService.h; sourceTree = "<group>"; };
		A6C78DC11A29466D006C66A2 /* UMSctpTask_Manual_InService.m */ = {isa = PBXFileReference; fileEncoding = 4; lastKnownFileType = sourcecode.c.objc; path = UMSctpTask_Manual_InService.m; sourceTree = "<group>"; };
		A6C78DC51A29467B006C66A2 /* UMSctpTask_Manual_ForceOutOfService.h */ = {isa = PBXFileReference; fileEncoding = 4; lastKnownFileType = sourcecode.c.h; path = UMSctpTask_Manual_ForceOutOfService.h; sourceTree = "<group>"; };
		A6C78DC61A29467B006C66A2 /* UMSctpTask_Manual_ForceOutOfService.m */ = {isa = PBXFileReference; fileEncoding = 4; lastKnownFileType = sourcecode.c.objc; path = UMSctpTask_Manual_ForceOutOfService.m; sourceTree = "<group>"; };
		A6E7BF521FBECF5C00C53765 /* rfc-4960.txt */ = {isa = PBXFileReference; fileEncoding = 4; lastKnownFileType = text; path = "rfc-4960.txt"; sourceTree = "<group>"; };
		A6F1C61F247BEA0800FE7402 /* testcase-sctp-1 */ = {isa = PBXFileReference; explicitFileType = "compiled.mach-o.executable"; includeInIndex = 0; path = "testcase-sctp-1"; sourceTree = BUILT_PRODUCTS_DIR; };
		A6F1C626247BEA1D00FE7402 /* main.m */ = {isa = PBXFileReference; fileEncoding = 4; lastKnownFileType = sourcecode.c.objc; path = main.m; sourceTree = "<group>"; };
		A6F1C62C247BECBE00FE7402 /* ulibsctp.framework */ = {isa = PBXFileReference; lastKnownFileType = wrapper.framework; name = ulibsctp.framework; path = "../../../../../Library/Application Support/FinkTelecomServices/frameworks/ulibsctp.framework"; sourceTree = "<group>"; };
		A6F693F31B4E83AC0090FC94 /* configure.in */ = {isa = PBXFileReference; lastKnownFileType = text; path = configure.in; sourceTree = "<group>"; };
		A6F693F41B4E83AC0090FC94 /* VERSION */ = {isa = PBXFileReference; lastKnownFileType = text; path = VERSION; sourceTree = "<group>"; };
		A6F6942A1B4E85FA0090FC94 /* Makefile.linux.in */ = {isa = PBXFileReference; lastKnownFileType = text; path = Makefile.linux.in; sourceTree = "<group>"; };
		A6F6942B1B4E85FA0090FC94 /* Makefile.osx.in */ = {isa = PBXFileReference; lastKnownFileType = text; path = Makefile.osx.in; sourceTree = "<group>"; };
		A6F6942C1B4E85FA0090FC94 /* ulibsctp.pc.in */ = {isa = PBXFileReference; lastKnownFileType = text; path = ulibsctp.pc.in; sourceTree = "<group>"; };
/* End PBXFileReference section */

/* Begin PBXFrameworksBuildPhase section */
		A6C78D091A29271D006C66A2 /* Frameworks */ = {
			isa = PBXFrameworksBuildPhase;
			buildActionMask = 2147483647;
			files = (
				A6C78D741A2942EC006C66A2 /* ulib.framework in Frameworks */,
				A69BCFF5240675D20083657F /* sctp.framework in Frameworks */,
			);
			runOnlyForDeploymentPostprocessing = 0;
		};
		A6C78D151A29271D006C66A2 /* Frameworks */ = {
			isa = PBXFrameworksBuildPhase;
			buildActionMask = 2147483647;
			files = (
				A6C78D751A2942EC006C66A2 /* ulib.framework in Frameworks */,
				A6C78D191A29271D006C66A2 /* ulibsctp.framework in Frameworks */,
			);
			runOnlyForDeploymentPostprocessing = 0;
		};
		A6F1C61C247BEA0800FE7402 /* Frameworks */ = {
			isa = PBXFrameworksBuildPhase;
			buildActionMask = 2147483647;
			files = (
				A648DF4F247C370000F25226 /* ulibsctp.framework in Frameworks */,
				A6F1C62A247BEC8900FE7402 /* ulib.framework in Frameworks */,
				A6F1C629247BEC8600FE7402 /* sctp.framework in Frameworks */,
			);
			runOnlyForDeploymentPostprocessing = 0;
		};
/* End PBXFrameworksBuildPhase section */

/* Begin PBXGroup section */
		A6C78D031A29271D006C66A2 = {
			isa = PBXGroup;
			children = (
				A6F693F31B4E83AC0090FC94 /* configure.in */,
				A6F693F41B4E83AC0090FC94 /* VERSION */,
				A6F6942A1B4E85FA0090FC94 /* Makefile.linux.in */,
				A6F6942B1B4E85FA0090FC94 /* Makefile.osx.in */,
				A6F6942C1B4E85FA0090FC94 /* ulibsctp.pc.in */,
				A6C78D0F1A29271D006C66A2 /* Classes */,
				A6C78D101A29271D006C66A2 /* SupportingFiles */,
				A6C78D1C1A29271D006C66A2 /* ulibsctpTests */,
				A6F1C620247BEA0800FE7402 /* testcase-sctp-1 */,
				A6C78D0E1A29271D006C66A2 /* Products */,
				A6C78D721A2942D0006C66A2 /* Frameworks */,
				A6E7BF511FBECE5400C53765 /* doc */,
			);
			sourceTree = "<group>";
		};
		A6C78D0E1A29271D006C66A2 /* Products */ = {
			isa = PBXGroup;
			children = (
				A6C78D0D1A29271D006C66A2 /* ulibsctp.framework */,
				A6C78D181A29271D006C66A2 /* ulibsctpTests.xctest */,
				A6F1C61F247BEA0800FE7402 /* testcase-sctp-1 */,
			);
			name = Products;
			sourceTree = "<group>";
		};
		A6C78D0F1A29271D006C66A2 /* Classes */ = {
			isa = PBXGroup;
			children = (
				A6C78D121A29271D006C66A2 /* ulibsctp.h */,
				A6827E101E38001200F3048B /* UMLayerSctpApplicationContextProtocol.h */,
				A61F7D501A2C9D380090FC94 /* UMLayerSctpUserProtocol.h */,
				A68974771A2D440F00854472 /* UMLayerSctpUser.h */,
				A68974781A2D440F00854472 /* UMLayerSctpUser.m */,
				A634B4971A2E9AF700854472 /* UMLayerSctpUserProfile.h */,
				A634B4981A2E9AF700854472 /* UMLayerSctpUserProfile.m */,
				A61B6E132583335A0094E14E /* UMSctpOverTcp.h */,
				A6C78D6D1A2942AB006C66A2 /* UMLayerSctp.h */,
				A6C78D6E1A2942AB006C66A2 /* UMLayerSctp.m */,
				A6B8BE4E20A9B102004D4004 /* UMSocketSCTP.h */,
				A6B8BE4F20A9B102004D4004 /* UMSocketSCTP.m */,
				A60DE3BE20AEC0050047E3A6 /* UMSocketSCTPReceivedPacket.h */,
				A60DE3BF20AEC0050047E3A6 /* UMSocketSCTPReceivedPacket.m */,
				A60DE3B620ADD0440047E3A6 /* UMSocketSCTPListener.h */,
				A60DE3B720ADD0440047E3A6 /* UMSocketSCTPListener.m */,
				A695270525879F7B0089994F /* UMSocketSCTPTCPListener.h */,
				A695270625879F7B0089994F /* UMSocketSCTPTCPListener.m */,
				A60DE3BA20ADD18E0047E3A6 /* UMSocketSCTPRegistry.h */,
				A60DE3BB20ADD18E0047E3A6 /* UMSocketSCTPRegistry.m */,
				A60DE3C220AECB050047E3A6 /* UMSocketSCTPReceiver.h */,
				A60DE3C320AECB050047E3A6 /* UMSocketSCTPReceiver.m */,
				A6C78DA21A2945C5006C66A2 /* UMSctpTask_AdminInit.h */,
				A6C78DA31A2945C5006C66A2 /* UMSctpTask_AdminInit.m */,
				A68974251A2D1EF800854472 /* UMSctpTask_AdminSetConfig.h */,
				A68974261A2D1EF800854472 /* UMSctpTask_AdminSetConfig.m */,
				A6C78DA71A2945D9006C66A2 /* UMSctpTask_AdminAttach.h */,
				A6C78DA81A2945D9006C66A2 /* UMSctpTask_AdminAttach.m */,
				A689747B1A2D4C5D00854472 /* UMSctpTask_AdminDetach.h */,
				A689747C1A2D4C5D00854472 /* UMSctpTask_AdminDetach.m */,
				A6C78DAC1A2945FA006C66A2 /* UMSctpTask_Open.h */,
				A6C78DAD1A2945FA006C66A2 /* UMSctpTask_Open.m */,
				A6C78DB11A294607006C66A2 /* UMSctpTask_Close.h */,
				A6C78DB21A294607006C66A2 /* UMSctpTask_Close.m */,
				A6C78DB61A294628006C66A2 /* UMSctpTask_Data.h */,
				A6C78DB71A294628006C66A2 /* UMSctpTask_Data.m */,
				A6C78DC01A29466D006C66A2 /* UMSctpTask_Manual_InService.h */,
				A6C78DC11A29466D006C66A2 /* UMSctpTask_Manual_InService.m */,
				A6C78DC51A29467B006C66A2 /* UMSctpTask_Manual_ForceOutOfService.h */,
				A6C78DC61A29467B006C66A2 /* UMSctpTask_Manual_ForceOutOfService.m */,
			);
			path = Classes;
			sourceTree = "<group>";
		};
		A6C78D101A29271D006C66A2 /* SupportingFiles */ = {
			isa = PBXGroup;
			children = (
				A6C78D111A29271D006C66A2 /* Info.plist */,
			);
			name = SupportingFiles;
			path = "Supporting Files";
			sourceTree = "<group>";
		};
		A6C78D1C1A29271D006C66A2 /* ulibsctpTests */ = {
			isa = PBXGroup;
			children = (
				A6C78D1F1A29271D006C66A2 /* ulibsctpTests.m */,
				A6C78D1D1A29271D006C66A2 /* Supporting Files */,
			);
			path = ulibsctpTests;
			sourceTree = "<group>";
		};
		A6C78D1D1A29271D006C66A2 /* Supporting Files */ = {
			isa = PBXGroup;
			children = (
				A6C78D1E1A29271D006C66A2 /* Info.plist */,
			);
			name = "Supporting Files";
			sourceTree = "<group>";
		};
		A6C78D721A2942D0006C66A2 /* Frameworks */ = {
			isa = PBXGroup;
			children = (
				A6F1C62C247BECBE00FE7402 /* ulibsctp.framework */,
				A69BCFF4240675D20083657F /* sctp.framework */,
				A6C78D731A2942EC006C66A2 /* ulib.framework */,
			);
			name = Frameworks;
			sourceTree = "<group>";
		};
		A6E7BF511FBECE5400C53765 /* doc */ = {
			isa = PBXGroup;
			children = (
				A6E7BF521FBECF5C00C53765 /* rfc-4960.txt */,
			);
			path = doc;
			sourceTree = "<group>";
		};
		A6F1C620247BEA0800FE7402 /* testcase-sctp-1 */ = {
			isa = PBXGroup;
			children = (
				A6F1C626247BEA1D00FE7402 /* main.m */,
			);
			path = "testcase-sctp-1";
			sourceTree = "<group>";
		};
/* End PBXGroup section */

/* Begin PBXHeadersBuildPhase section */
		A6C78D0A1A29271D006C66A2 /* Headers */ = {
			isa = PBXHeadersBuildPhase;
			buildActionMask = 2147483647;
			files = (
				A6C78D131A29271D006C66A2 /* ulibsctp.h in Headers */,
				A6C78D6F1A2942AB006C66A2 /* UMLayerSctp.h in Headers */,
				A60DE3C420AECB050047E3A6 /* UMSocketSCTPReceiver.h in Headers */,
				A6C78DC71A29467B006C66A2 /* UMSctpTask_Manual_ForceOutOfService.h in Headers */,
				A6C78DC21A29466D006C66A2 /* UMSctpTask_Manual_InService.h in Headers */,
				A6C78DAE1A2945FA006C66A2 /* UMSctpTask_Open.h in Headers */,
				A6B8BE5020A9B102004D4004 /* UMSocketSCTP.h in Headers */,
				A6C78DA41A2945C5006C66A2 /* UMSctpTask_AdminInit.h in Headers */,
				A6C78DB31A294607006C66A2 /* UMSctpTask_Close.h in Headers */,
				A6C78DA91A2945D9006C66A2 /* UMSctpTask_AdminAttach.h in Headers */,
				A68974271A2D1EF800854472 /* UMSctpTask_AdminSetConfig.h in Headers */,
				A60DE3B820ADD0440047E3A6 /* UMSocketSCTPListener.h in Headers */,
				A6827E121E38001200F3048B /* UMLayerSctpApplicationContextProtocol.h in Headers */,
				A634B4991A2E9AF700854472 /* UMLayerSctpUserProfile.h in Headers */,
				A61F7D511A2C9D380090FC94 /* UMLayerSctpUserProtocol.h in Headers */,
				A6C78DB81A294628006C66A2 /* UMSctpTask_Data.h in Headers */,
				A61B6E152583335A0094E14E /* UMSctpOverTcp.h in Headers */,
				A60DE3BC20ADD18E0047E3A6 /* UMSocketSCTPRegistry.h in Headers */,
				A60DE3C020AEC0050047E3A6 /* UMSocketSCTPReceivedPacket.h in Headers */,
				A689747D1A2D4C5D00854472 /* UMSctpTask_AdminDetach.h in Headers */,
				A695270725879F7B0089994F /* UMSocketSCTPTCPListener.h in Headers */,
				A68974791A2D440F00854472 /* UMLayerSctpUser.h in Headers */,
			);
			runOnlyForDeploymentPostprocessing = 0;
		};
/* End PBXHeadersBuildPhase section */

/* Begin PBXNativeTarget section */
		A6C78D0C1A29271D006C66A2 /* ulibsctp */ = {
			isa = PBXNativeTarget;
			buildConfigurationList = A6C78D231A29271D006C66A2 /* Build configuration list for PBXNativeTarget "ulibsctp" */;
			buildPhases = (
				A6C78D081A29271D006C66A2 /* Sources */,
				A6C78D091A29271D006C66A2 /* Frameworks */,
				A6C78D0A1A29271D006C66A2 /* Headers */,
				A6C78D0B1A29271D006C66A2 /* Resources */,
			);
			buildRules = (
			);
			dependencies = (
			);
			name = ulibsctp;
			productName = ulibsctp;
			productReference = A6C78D0D1A29271D006C66A2 /* ulibsctp.framework */;
			productType = "com.apple.product-type.framework";
		};
		A6C78D171A29271D006C66A2 /* ulibsctpTests */ = {
			isa = PBXNativeTarget;
			buildConfigurationList = A6C78D261A29271D006C66A2 /* Build configuration list for PBXNativeTarget "ulibsctpTests" */;
			buildPhases = (
				A6C78D141A29271D006C66A2 /* Sources */,
				A6C78D151A29271D006C66A2 /* Frameworks */,
				A6C78D161A29271D006C66A2 /* Resources */,
			);
			buildRules = (
			);
			dependencies = (
				A6C78D1B1A29271D006C66A2 /* PBXTargetDependency */,
			);
			name = ulibsctpTests;
			productName = ulibsctpTests;
			productReference = A6C78D181A29271D006C66A2 /* ulibsctpTests.xctest */;
			productType = "com.apple.product-type.bundle.unit-test";
		};
		A6F1C61E247BEA0800FE7402 /* testcase-sctp-1 */ = {
			isa = PBXNativeTarget;
			buildConfigurationList = A6F1C625247BEA0800FE7402 /* Build configuration list for PBXNativeTarget "testcase-sctp-1" */;
			buildPhases = (
				A6F1C61B247BEA0800FE7402 /* Sources */,
				A6F1C61C247BEA0800FE7402 /* Frameworks */,
				A6F1C61D247BEA0800FE7402 /* CopyFiles */,
			);
			buildRules = (
			);
			dependencies = (
			);
			name = "testcase-sctp-1";
			productName = testcase1;
			productReference = A6F1C61F247BEA0800FE7402 /* testcase-sctp-1 */;
			productType = "com.apple.product-type.tool";
		};
/* End PBXNativeTarget section */

/* Begin PBXProject section */
		A6C78D041A29271D006C66A2 /* Project object */ = {
			isa = PBXProject;
			attributes = {
				LastUpgradeCheck = 1230;
				ORGANIZATIONNAME = "Andreas Fink (andreas@fink.org)";
				TargetAttributes = {
					A6C78D0C1A29271D006C66A2 = {
						CreatedOnToolsVersion = 6.1.1;
						DevelopmentTeam = 2GSNWPNR77;
						ProvisioningStyle = Automatic;
					};
					A6C78D171A29271D006C66A2 = {
						CreatedOnToolsVersion = 6.1.1;
						DevelopmentTeam = 2GSNWPNR77;
						ProvisioningStyle = Automatic;
					};
					A6F1C61E247BEA0800FE7402 = {
						CreatedOnToolsVersion = 11.5;
						DevelopmentTeam = 2GSNWPNR77;
						ProvisioningStyle = Automatic;
					};
				};
			};
			buildConfigurationList = A6C78D071A29271D006C66A2 /* Build configuration list for PBXProject "ulibsctp" */;
			compatibilityVersion = "Xcode 3.2";
			developmentRegion = en;
			hasScannedForEncodings = 0;
			knownRegions = (
				en,
				Base,
			);
			mainGroup = A6C78D031A29271D006C66A2;
			productRefGroup = A6C78D0E1A29271D006C66A2 /* Products */;
			projectDirPath = "";
			projectRoot = "";
			targets = (
				A6C78D0C1A29271D006C66A2 /* ulibsctp */,
				A6C78D171A29271D006C66A2 /* ulibsctpTests */,
				A6F1C61E247BEA0800FE7402 /* testcase-sctp-1 */,
			);
		};
/* End PBXProject section */

/* Begin PBXResourcesBuildPhase section */
		A6C78D0B1A29271D006C66A2 /* Resources */ = {
			isa = PBXResourcesBuildPhase;
			buildActionMask = 2147483647;
			files = (
			);
			runOnlyForDeploymentPostprocessing = 0;
		};
		A6C78D161A29271D006C66A2 /* Resources */ = {
			isa = PBXResourcesBuildPhase;
			buildActionMask = 2147483647;
			files = (
			);
			runOnlyForDeploymentPostprocessing = 0;
		};
/* End PBXResourcesBuildPhase section */

/* Begin PBXSourcesBuildPhase section */
		A6C78D081A29271D006C66A2 /* Sources */ = {
			isa = PBXSourcesBuildPhase;
			buildActionMask = 2147483647;
			files = (
				A6C78DA51A2945C5006C66A2 /* UMSctpTask_AdminInit.m in Sources */,
				A6C78DB41A294607006C66A2 /* UMSctpTask_Close.m in Sources */,
				A634B49A1A2E9AF700854472 /* UMLayerSctpUserProfile.m in Sources */,
				A60DE3C520AECB050047E3A6 /* UMSocketSCTPReceiver.m in Sources */,
				A60DE3B920ADD0440047E3A6 /* UMSocketSCTPListener.m in Sources */,
				A6C78DAF1A2945FA006C66A2 /* UMSctpTask_Open.m in Sources */,
				A68974281A2D1EF800854472 /* UMSctpTask_AdminSetConfig.m in Sources */,
				A60DE3C120AEC0050047E3A6 /* UMSocketSCTPReceivedPacket.m in Sources */,
				A6C78DB91A294628006C66A2 /* UMSctpTask_Data.m in Sources */,
				A6B8BE5120A9B102004D4004 /* UMSocketSCTP.m in Sources */,
				A6C78D701A2942AB006C66A2 /* UMLayerSctp.m in Sources */,
				A695270825879F7B0089994F /* UMSocketSCTPTCPListener.m in Sources */,
				A689747E1A2D4C5D00854472 /* UMSctpTask_AdminDetach.m in Sources */,
				A6C78DC81A29467B006C66A2 /* UMSctpTask_Manual_ForceOutOfService.m in Sources */,
				A6C78DAA1A2945D9006C66A2 /* UMSctpTask_AdminAttach.m in Sources */,
				A60DE3BD20ADD18E0047E3A6 /* UMSocketSCTPRegistry.m in Sources */,
				A6C78DC31A29466D006C66A2 /* UMSctpTask_Manual_InService.m in Sources */,
				A689747A1A2D440F00854472 /* UMLayerSctpUser.m in Sources */,
			);
			runOnlyForDeploymentPostprocessing = 0;
		};
		A6C78D141A29271D006C66A2 /* Sources */ = {
			isa = PBXSourcesBuildPhase;
			buildActionMask = 2147483647;
			files = (
				A6C78DB01A2945FA006C66A2 /* UMSctpTask_Open.m in Sources */,
				A6C78DC91A29467B006C66A2 /* UMSctpTask_Manual_ForceOutOfService.m in Sources */,
				A634B49B1A2E9AF700854472 /* UMLayerSctpUserProfile.m in Sources */,
				A6C78DB51A294607006C66A2 /* UMSctpTask_Close.m in Sources */,
				A6C78DA61A2945C5006C66A2 /* UMSctpTask_AdminInit.m in Sources */,
				A6C78D201A29271D006C66A2 /* ulibsctpTests.m in Sources */,
				A6C78DBA1A294628006C66A2 /* UMSctpTask_Data.m in Sources */,
				A6C78DC41A29466D006C66A2 /* UMSctpTask_Manual_InService.m in Sources */,
				A6C78D711A2942AB006C66A2 /* UMLayerSctp.m in Sources */,
				A6C78DAB1A2945D9006C66A2 /* UMSctpTask_AdminAttach.m in Sources */,
				A689747F1A2D4C5D00854472 /* UMSctpTask_AdminDetach.m in Sources */,
			);
			runOnlyForDeploymentPostprocessing = 0;
		};
		A6F1C61B247BEA0800FE7402 /* Sources */ = {
			isa = PBXSourcesBuildPhase;
			buildActionMask = 2147483647;
			files = (
				A6F1C627247BEA1E00FE7402 /* main.m in Sources */,
			);
			runOnlyForDeploymentPostprocessing = 0;
		};
/* End PBXSourcesBuildPhase section */

/* Begin PBXTargetDependency section */
		A6C78D1B1A29271D006C66A2 /* PBXTargetDependency */ = {
			isa = PBXTargetDependency;
			target = A6C78D0C1A29271D006C66A2 /* ulibsctp */;
			targetProxy = A6C78D1A1A29271D006C66A2 /* PBXContainerItemProxy */;
		};
/* End PBXTargetDependency section */

/* Begin XCBuildConfiguration section */
		A6C78D211A29271D006C66A2 /* Debug */ = {
			isa = XCBuildConfiguration;
			buildSettings = {
				ALWAYS_SEARCH_USER_PATHS = NO;
				ARCHS = (
					"$(ARCHS_STANDARD)",
					arm64,
					x86_64,
				);
				CLANG_ANALYZER_LOCALIZABILITY_NONLOCALIZED = YES;
				CLANG_CXX_LANGUAGE_STANDARD = "gnu++0x";
				CLANG_CXX_LIBRARY = "libc++";
				CLANG_ENABLE_MODULES = NO;
				CLANG_ENABLE_OBJC_ARC = YES;
				CLANG_WARN_BLOCK_CAPTURE_AUTORELEASING = YES;
				CLANG_WARN_BOOL_CONVERSION = YES;
				CLANG_WARN_COMMA = YES;
				CLANG_WARN_CONSTANT_CONVERSION = YES;
				CLANG_WARN_DEPRECATED_OBJC_IMPLEMENTATIONS = YES;
				CLANG_WARN_DIRECT_OBJC_ISA_USAGE = YES_ERROR;
				CLANG_WARN_EMPTY_BODY = YES;
				CLANG_WARN_ENUM_CONVERSION = YES;
				CLANG_WARN_INFINITE_RECURSION = YES;
				CLANG_WARN_INT_CONVERSION = YES;
				CLANG_WARN_NON_LITERAL_NULL_CONVERSION = YES;
				CLANG_WARN_OBJC_IMPLICIT_RETAIN_SELF = YES;
				CLANG_WARN_OBJC_LITERAL_CONVERSION = YES;
				CLANG_WARN_OBJC_ROOT_CLASS = YES_ERROR;
				CLANG_WARN_RANGE_LOOP_ANALYSIS = YES;
				CLANG_WARN_STRICT_PROTOTYPES = YES;
				CLANG_WARN_SUSPICIOUS_MOVE = YES;
				CLANG_WARN_UNREACHABLE_CODE = YES;
				CLANG_WARN__DUPLICATE_METHOD_MATCH = YES;
				COPY_PHASE_STRIP = NO;
				CURRENT_PROJECT_VERSION = 1;
				DEPLOYMENT_LOCATION = YES;
				DEPLOYMENT_POSTPROCESSING = YES;
				DSTROOT = /;
				ENABLE_STRICT_OBJC_MSGSEND = YES;
				ENABLE_TESTABILITY = YES;
				FRAMEWORK_SEARCH_PATHS = "\"/Library/Application Support/FinkTelecomServices/frameworks\"";
				GCC_C_LANGUAGE_STANDARD = gnu99;
				GCC_DYNAMIC_NO_PIC = NO;
				GCC_NO_COMMON_BLOCKS = YES;
				GCC_OPTIMIZATION_LEVEL = 0;
				GCC_PREPROCESSOR_DEFINITIONS = (
					"DEBUG=1",
					"$(inherited)",
				);
				GCC_SYMBOLS_PRIVATE_EXTERN = NO;
				GCC_WARN_64_TO_32_BIT_CONVERSION = YES;
				GCC_WARN_ABOUT_RETURN_TYPE = YES_ERROR;
				GCC_WARN_UNDECLARED_SELECTOR = YES;
				GCC_WARN_UNINITIALIZED_AUTOS = YES_AGGRESSIVE;
				GCC_WARN_UNUSED_FUNCTION = YES;
				GCC_WARN_UNUSED_VARIABLE = YES;
				HEADER_SEARCH_PATHS = (
					"$(inherited)",
					/Applications/Xcode.app/Contents/Developer/Toolchains/XcodeDefault.xctoolchain/usr/include,
				);
				INFOPLIST_FILE = "\"Supporting Files/Info.plist\"";
				INSTALL_PATH = "/Library/Application Support/FinkTelecomServices/frameworks";
				MACOSX_DEPLOYMENT_TARGET = 10.14;
				MTL_ENABLE_DEBUG_INFO = YES;
				ONLY_ACTIVE_ARCH = NO;
				SDKROOT = macosx;
				STRIP_INSTALLED_PRODUCT = NO;
				VERSIONING_SYSTEM = "apple-generic";
				VERSION_INFO_PREFIX = "";
				WARNING_CFLAGS = "-Wimplicit-fallthrough";
			};
			name = Debug;
		};
		A6C78D221A29271D006C66A2 /* Release */ = {
			isa = XCBuildConfiguration;
			buildSettings = {
				ALWAYS_SEARCH_USER_PATHS = NO;
				ARCHS = (
					"$(ARCHS_STANDARD)",
					arm64,
					x86_64,
				);
				CLANG_ANALYZER_LOCALIZABILITY_NONLOCALIZED = YES;
				CLANG_CXX_LANGUAGE_STANDARD = "gnu++0x";
				CLANG_CXX_LIBRARY = "libc++";
				CLANG_ENABLE_MODULES = NO;
				CLANG_ENABLE_OBJC_ARC = YES;
				CLANG_WARN_BLOCK_CAPTURE_AUTORELEASING = YES;
				CLANG_WARN_BOOL_CONVERSION = YES;
				CLANG_WARN_COMMA = YES;
				CLANG_WARN_CONSTANT_CONVERSION = YES;
				CLANG_WARN_DEPRECATED_OBJC_IMPLEMENTATIONS = YES;
				CLANG_WARN_DIRECT_OBJC_ISA_USAGE = YES_ERROR;
				CLANG_WARN_EMPTY_BODY = YES;
				CLANG_WARN_ENUM_CONVERSION = YES;
				CLANG_WARN_INFINITE_RECURSION = YES;
				CLANG_WARN_INT_CONVERSION = YES;
				CLANG_WARN_NON_LITERAL_NULL_CONVERSION = YES;
				CLANG_WARN_OBJC_IMPLICIT_RETAIN_SELF = YES;
				CLANG_WARN_OBJC_LITERAL_CONVERSION = YES;
				CLANG_WARN_OBJC_ROOT_CLASS = YES_ERROR;
				CLANG_WARN_RANGE_LOOP_ANALYSIS = YES;
				CLANG_WARN_STRICT_PROTOTYPES = YES;
				CLANG_WARN_SUSPICIOUS_MOVE = YES;
				CLANG_WARN_UNREACHABLE_CODE = YES;
				CLANG_WARN__DUPLICATE_METHOD_MATCH = YES;
				CODE_SIGN_IDENTITY = "Mac Developer";
				COPY_PHASE_STRIP = YES;
				CURRENT_PROJECT_VERSION = 1;
				DEBUG_INFORMATION_FORMAT = "dwarf-with-dsym";
				DEPLOYMENT_LOCATION = YES;
				DEPLOYMENT_POSTPROCESSING = YES;
				DSTROOT = /;
				ENABLE_NS_ASSERTIONS = NO;
				ENABLE_STRICT_OBJC_MSGSEND = YES;
				FRAMEWORK_SEARCH_PATHS = "\"/Library/Application Support/FinkTelecomServices/frameworks\"";
				GCC_C_LANGUAGE_STANDARD = gnu99;
				GCC_NO_COMMON_BLOCKS = YES;
				GCC_WARN_64_TO_32_BIT_CONVERSION = YES;
				GCC_WARN_ABOUT_RETURN_TYPE = YES_ERROR;
				GCC_WARN_UNDECLARED_SELECTOR = YES;
				GCC_WARN_UNINITIALIZED_AUTOS = YES_AGGRESSIVE;
				GCC_WARN_UNUSED_FUNCTION = YES;
				GCC_WARN_UNUSED_VARIABLE = YES;
				HEADER_SEARCH_PATHS = (
					"$(inherited)",
					/Applications/Xcode.app/Contents/Developer/Toolchains/XcodeDefault.xctoolchain/usr/include,
				);
				INFOPLIST_FILE = "\"Supporting Files/Info.plist\"";
				INSTALL_PATH = "/Library/Application Support/FinkTelecomServices/frameworks";
				MACOSX_DEPLOYMENT_TARGET = 10.14;
				MTL_ENABLE_DEBUG_INFO = NO;
				ONLY_ACTIVE_ARCH = NO;
				SDKROOT = macosx;
				STRIP_INSTALLED_PRODUCT = NO;
				VERSIONING_SYSTEM = "apple-generic";
				VERSION_INFO_PREFIX = "";
				WARNING_CFLAGS = "-Wimplicit-fallthrough";
			};
			name = Release;
		};
		A6C78D241A29271D006C66A2 /* Debug */ = {
			isa = XCBuildConfiguration;
			buildSettings = {
				CODE_SIGN_IDENTITY = "Apple Development";
				DEVELOPMENT_TEAM = 2GSNWPNR77;
				DYLIB_COMPATIBILITY_VERSION = 1;
				DYLIB_CURRENT_VERSION = 1;
				FRAMEWORK_SEARCH_PATHS = (
					"$(inherited)",
					"$(LOCAL_LIBRARY_DIR)/Frameworks",
					"$(LOCAL_LIBRARY_DIR)/Application\\ Support/FinkTelecomServices/frameworks",
				);
				FRAMEWORK_VERSION = A;
				INFOPLIST_FILE = "$(SRCROOT)/SupportingFiles/Info.plist";
				LIBRARY_SEARCH_PATHS = "$(inherited)";
				MACOSX_DEPLOYMENT_TARGET = 10.14;
				MARKETING_VERSION = 1.14.1;
				PRODUCT_BUNDLE_IDENTIFIER = me.fink.ulibsctp;
				PRODUCT_NAME = "$(TARGET_NAME)";
				STRIP_INSTALLED_PRODUCT = NO;
			};
			name = Debug;
		};
		A6C78D251A29271D006C66A2 /* Release */ = {
			isa = XCBuildConfiguration;
			buildSettings = {
				CODE_SIGN_IDENTITY = "Apple Development";
				DEVELOPMENT_TEAM = 2GSNWPNR77;
				DYLIB_COMPATIBILITY_VERSION = 1;
				DYLIB_CURRENT_VERSION = 1;
				FRAMEWORK_SEARCH_PATHS = (
					"$(inherited)",
					"$(LOCAL_LIBRARY_DIR)/Frameworks",
					"$(LOCAL_LIBRARY_DIR)/Application\\ Support/FinkTelecomServices/frameworks",
				);
				FRAMEWORK_VERSION = A;
				INFOPLIST_FILE = "$(SRCROOT)/SupportingFiles/Info.plist";
				LIBRARY_SEARCH_PATHS = "$(inherited)";
				MACOSX_DEPLOYMENT_TARGET = 10.14;
				MARKETING_VERSION = 1.14.1;
				PRODUCT_BUNDLE_IDENTIFIER = me.fink.ulibsctp;
				PRODUCT_NAME = "$(TARGET_NAME)";
				STRIP_INSTALLED_PRODUCT = NO;
			};
			name = Release;
		};
		A6C78D271A29271D006C66A2 /* Debug */ = {
			isa = XCBuildConfiguration;
			buildSettings = {
				CODE_SIGN_IDENTITY = "Apple Development";
				CODE_SIGN_STYLE = Automatic;
				COMBINE_HIDPI_IMAGES = YES;
				DEVELOPMENT_TEAM = 2GSNWPNR77;
				FRAMEWORK_SEARCH_PATHS = (
					"$(DEVELOPER_FRAMEWORKS_DIR)",
					"$(inherited)",
					"$(LOCAL_LIBRARY_DIR)/Frameworks",
				);
				GCC_PREPROCESSOR_DEFINITIONS = (
					"DEBUG=1",
					"$(inherited)",
				);
				INFOPLIST_FILE = ulibsctpTests/Info.plist;
				LD_RUNPATH_SEARCH_PATHS = "$(inherited) @executable_path/../Frameworks @loader_path/../Frameworks";
				LIBRARY_SEARCH_PATHS = "$(inherited)";
				PRODUCT_BUNDLE_IDENTIFIER = "me.fink.$(PRODUCT_NAME:rfc1034identifier)";
				PRODUCT_NAME = "$(TARGET_NAME)";
				PROVISIONING_PROFILE_SPECIFIER = "";
			};
			name = Debug;
		};
		A6C78D281A29271D006C66A2 /* Release */ = {
			isa = XCBuildConfiguration;
			buildSettings = {
				CODE_SIGN_IDENTITY = "Apple Development";
				COMBINE_HIDPI_IMAGES = YES;
				DEVELOPMENT_TEAM = 2GSNWPNR77;
				FRAMEWORK_SEARCH_PATHS = (
					"$(DEVELOPER_FRAMEWORKS_DIR)",
					"$(inherited)",
					"$(LOCAL_LIBRARY_DIR)/Frameworks",
				);
				INFOPLIST_FILE = ulibsctpTests/Info.plist;
				LD_RUNPATH_SEARCH_PATHS = "$(inherited) @executable_path/../Frameworks @loader_path/../Frameworks";
				LIBRARY_SEARCH_PATHS = "$(inherited)";
				PRODUCT_BUNDLE_IDENTIFIER = "me.fink.$(PRODUCT_NAME:rfc1034identifier)";
				PRODUCT_NAME = "$(TARGET_NAME)";
			};
			name = Release;
		};
		A6F1C623247BEA0800FE7402 /* Debug */ = {
			isa = XCBuildConfiguration;
			buildSettings = {
				CLANG_ANALYZER_NONNULL = YES;
				CLANG_ANALYZER_NUMBER_OBJECT_CONVERSION = YES_AGGRESSIVE;
				CLANG_CXX_LANGUAGE_STANDARD = "gnu++14";
				CLANG_ENABLE_MODULES = YES;
				CLANG_ENABLE_OBJC_WEAK = YES;
				CLANG_WARN_DOCUMENTATION_COMMENTS = YES;
				CLANG_WARN_UNGUARDED_AVAILABILITY = YES_AGGRESSIVE;
				CODE_SIGN_IDENTITY = "Apple Development";
				CODE_SIGN_STYLE = Automatic;
				DEBUG_INFORMATION_FORMAT = dwarf;
				DEVELOPMENT_TEAM = 2GSNWPNR77;
				ENABLE_HARDENED_RUNTIME = YES;
				FRAMEWORK_SEARCH_PATHS = (
					"$(inherited)",
					"$(LOCAL_LIBRARY_DIR)/Application\\ Support/FinkTelecomServices/frameworks",
					"$(LOCAL_LIBRARY_DIR)/Application\\ Support/FinkTelecomServices/frameworks",
					"$(LOCAL_LIBRARY_DIR)/Application\\ Support/FinkTelecomServices/frameworks",
				);
				GCC_C_LANGUAGE_STANDARD = gnu11;
				MACOSX_DEPLOYMENT_TARGET = 10.14;
				MTL_ENABLE_DEBUG_INFO = INCLUDE_SOURCE;
				MTL_FAST_MATH = YES;
				PRODUCT_BUNDLE_IDENTIFIER = "me.fink.testcase-sctp1";
				PRODUCT_NAME = "$(TARGET_NAME)";
			};
			name = Debug;
		};
		A6F1C624247BEA0800FE7402 /* Release */ = {
			isa = XCBuildConfiguration;
			buildSettings = {
				CLANG_ANALYZER_NONNULL = YES;
				CLANG_ANALYZER_NUMBER_OBJECT_CONVERSION = YES_AGGRESSIVE;
				CLANG_CXX_LANGUAGE_STANDARD = "gnu++14";
				CLANG_ENABLE_MODULES = YES;
				CLANG_ENABLE_OBJC_WEAK = YES;
				CLANG_WARN_DOCUMENTATION_COMMENTS = YES;
				CLANG_WARN_UNGUARDED_AVAILABILITY = YES_AGGRESSIVE;
				CODE_SIGN_IDENTITY = "-";
				CODE_SIGN_STYLE = Automatic;
				COPY_PHASE_STRIP = NO;
				DEVELOPMENT_TEAM = 2GSNWPNR77;
				FRAMEWORK_SEARCH_PATHS = (
					"$(inherited)",
					"$(LOCAL_LIBRARY_DIR)/Application\\ Support/FinkTelecomServices/frameworks",
					"$(LOCAL_LIBRARY_DIR)/Application\\ Support/FinkTelecomServices/frameworks",
					"$(LOCAL_LIBRARY_DIR)/Application\\ Support/FinkTelecomServices/frameworks",
				);
				GCC_C_LANGUAGE_STANDARD = gnu11;
				MACOSX_DEPLOYMENT_TARGET = 10.14;
				MTL_FAST_MATH = YES;
				PRODUCT_BUNDLE_IDENTIFIER = "me.fink.testcase-sctp1";
				PRODUCT_NAME = "$(TARGET_NAME)";
			};
			name = Release;
		};
/* End XCBuildConfiguration section */

/* Begin XCConfigurationList section */
		A6C78D071A29271D006C66A2 /* Build configuration list for PBXProject "ulibsctp" */ = {
			isa = XCConfigurationList;
			buildConfigurations = (
				A6C78D211A29271D006C66A2 /* Debug */,
				A6C78D221A29271D006C66A2 /* Release */,
			);
			defaultConfigurationIsVisible = 0;
			defaultConfigurationName = Release;
		};
		A6C78D231A29271D006C66A2 /* Build configuration list for PBXNativeTarget "ulibsctp" */ = {
			isa = XCConfigurationList;
			buildConfigurations = (
				A6C78D241A29271D006C66A2 /* Debug */,
				A6C78D251A29271D006C66A2 /* Release */,
			);
			defaultConfigurationIsVisible = 0;
			defaultConfigurationName = Release;
		};
		A6C78D261A29271D006C66A2 /* Build configuration list for PBXNativeTarget "ulibsctpTests" */ = {
			isa = XCConfigurationList;
			buildConfigurations = (
				A6C78D271A29271D006C66A2 /* Debug */,
				A6C78D281A29271D006C66A2 /* Release */,
			);
			defaultConfigurationIsVisible = 0;
			defaultConfigurationName = Release;
		};
		A6F1C625247BEA0800FE7402 /* Build configuration list for PBXNativeTarget "testcase-sctp-1" */ = {
			isa = XCConfigurationList;
			buildConfigurations = (
				A6F1C623247BEA0800FE7402 /* Debug */,
				A6F1C624247BEA0800FE7402 /* Release */,
			);
			defaultConfigurationIsVisible = 0;
			defaultConfigurationName = Release;
		};
/* End XCConfigurationList section */
	};
	rootObject = A6C78D041A29271D006C66A2 /* Project object */;
}
